{
  "name": "@openapi-adapter/fetch",
  "version": "0.1.1",
  "lockfileVersion": 3,
  "requires": true,
  "packages": {
    "": {
      "name": "@openapi-adapter/fetch",
      "version": "0.1.1",
      "license": "MIT",
      "devDependencies": {
        "typescript": "5.2.2"
      },
      "peerDependencies": {
        "@openapi-adapter/core": "^0.2.1"
      }
    },
    "node_modules/@openapi-adapter/core": {
      "version": "0.2.3",
      "resolved": "https://registry.npmjs.org/@openapi-adapter/core/-/core-0.2.3.tgz",
      "integrity": "sha512-+fEAeLF/+imHxXgiM9T9iRS8ZiTLtMf411chBPmLGgvO02TGp//EJOqKFwTH91ae9VwF2BJ6OS+o/wCtlUeaHg==",
      "peer": true
    },
    "node_modules/typescript": {
      "version": "5.2.2",
      "resolved": "https://registry.npmjs.org/typescript/-/typescript-5.2.2.tgz",
      "integrity": "sha512-mI4WrpHsbCIcwT9cF4FZvr80QUeKvsUsUvKDoR+X/7XHQH98xYD8YHZg7ANtz2GtZt/CBq2QJ0thkGJMHfqc1w==",
      "dev": true,
      "bin": {
        "tsc": "bin/tsc",
        "tsserver": "bin/tsserver"
      },
      "engines": {
        "node": ">=14.17"
      }
    }
  }
}
