{
  "name": "@openapi-adapter/fetch",
  "version": "0.2.0",
  "lockfileVersion": 3,
  "requires": true,
  "packages": {
    "": {
      "name": "@openapi-adapter/fetch",
      "version": "0.1.1",
      "license": "MIT",
      "peerDependencies": {
        "@openapi-adapter/core": "^0.2.1"
      }
    },
    "node_modules/@openapi-adapter/core": {
      "version": "0.2.3",
      "resolved": "https://registry.npmjs.org/@openapi-adapter/core/-/core-0.2.3.tgz",
      "integrity": "sha512-+fEAeLF/+imHxXgiM9T9iRS8ZiTLtMf411chBPmLGgvO02TGp//EJOqKFwTH91ae9VwF2BJ6OS+o/wCtlUeaHg==",
      "peer": true
    }
  }
}
