{
  "name": "with-fetch",
  "version": "1.0.0",
  "lockfileVersion": 3,
  "requires": true,
  "packages": {
    "": {
      "name": "with-fetch",
      "version": "1.0.0",
      "license": "MIT",
      "dependencies": {
        "@openapi-adapter/fetch": "^0.3.0"
      }
    },
    "node_modules/@openapi-adapter/core": {
      "version": "0.3.0",
      "resolved": "https://registry.npmjs.org/@openapi-adapter/core/-/core-0.3.0.tgz",
      "integrity": "sha512-53sfPtYt1MG++wydNBLAYCoMlWQJQhgcfB5arAg4+PTOY3SlVOPT1/sQL9FWIVOkT1MNqeI1/sdfsAKkITqV/Q=="
    },
    "node_modules/@openapi-adapter/fetch": {
      "version": "0.3.0",
      "resolved": "https://registry.npmjs.org/@openapi-adapter/fetch/-/fetch-0.3.0.tgz",
      "integrity": "sha512-7RogaVfnc5dzaY6CSXN/HtZJaZKJDAqxgqEgv+toEQVq/21INLQq0phlDz4mHrBiloL/n6I3THpTMKHGVP6i9Q==",
      "dependencies": {
        "@openapi-adapter/core": "^0.3.0"
      }
    }
  }
}
